
Microsoft Visual Studio Solution File, Format Version 12.00
# Visual Studio 2013
VisualStudioVersion = 12.0.21005.1
MinimumVisualStudioVersion = 10.0.40219.1
Project("{FAE04EC0-301F-11D3-BF4B-00C04F79EFBC}") = "Products", "Products\Products.csproj", "{898FBEBD-998A-4119-8E6A-3D4FB40B90CA}"
EndProject
Project("{FAE04EC0-301F-11D3-BF4B-00C04F79EFBC}") = "Products.Tests", "Products.Tests\Products.Tests.csproj", "{FC0286CF-1122-4F4E-9384-040F4618A4A1}"
EndProject
Global
	GlobalSection(SolutionConfigurationPlatforms) = preSolution
		Debug|Any CPU = Debug|Any CPU
		Release|Any CPU = Release|Any CPU
	EndGlobalSection
	GlobalSection(ProjectConfigurationPlatforms) = postSolution
		{898FBEBD-998A-4119-8E6A-3D4FB40B90CA}.Debug|Any CPU.ActiveCfg = Debug|Any CPU
		{898FBEBD-998A-4119-8E6A-3D4FB40B90CA}.Debug|Any CPU.Build.0 = Debug|Any CPU
		{898FBEBD-998A-4119-8E6A-3D4FB40B90CA}.Release|Any CPU.ActiveCfg = Release|Any CPU
		{898FBEBD-998A-4119-8E6A-3D4FB40B90CA}.Release|Any CPU.Build.0 = Release|Any CPU
		{FC0286CF-1122-4F4E-9384-040F4618A4A1}.Debug|Any CPU.ActiveCfg = Debug|Any CPU
		{FC0286CF-1122-4F4E-9384-040F4618A4A1}.Debug|Any CPU.Build.0 = Debug|Any CPU
		{FC0286CF-1122-4F4E-9384-040F4618A4A1}.Release|Any CPU.ActiveCfg = Release|Any CPU
		{FC0286CF-1122-4F4E-9384-040F4618A4A1}.Release|Any CPU.Build.0 = Release|Any CPU
	EndGlobalSection
	GlobalSection(SolutionProperties) = preSolution
		HideSolutionNode = FALSE
	EndGlobalSection
EndGlobal
